// !$*UTF8*$!
{
	archiveVersion = 1;
	classes = {
	};
	objectVersion = 56;
	objects = {

/* Begin PBXBuildFile section */
		6D6E00B72A1B52F100DF521D /* RenoTrackerApp.swift in Sources */ = {isa = PBXBuildFile; fileRef = 6D6E00B62A1B52F100DF521D /* RenoTrackerApp.swift */; };
		6D6E00BB2A1B52F200DF521D /* Assets.xcassets in Resources */ = {isa = PBXBuildFile; fileRef = 6D6E00BA2A1B52F200DF521D /* Assets.xcassets */; };
		6D6E00BE2A1B52F200DF521D /* Preview Assets.xcassets in Resources */ = {isa = PBXBuildFile; fileRef = 6D6E00BD2A1B52F200DF521D /* Preview Assets.xcassets */; };
		6D6E00C72A1B53A300DF521D /* RenovationProjectsView.swift in Sources */ = {isa = PBXBuildFile; fileRef = 6D6E00C62A1B53A300DF521D /* RenovationProjectsView.swift */; };
		6D6E00C92A1B53C400DF521D /* DetailView.swift in Sources */ = {isa = PBXBuildFile; fileRef = 6D6E00C82A1B53C400DF521D /* DetailView.swift */; };
		6D6E00CB2A1B53D600DF521D /* EditView.swift in Sources */ = {isa = PBXBuildFile; fileRef = 6D6E00CA2A1B53D600DF521D /* EditView.swift */; };
		6D6E00CD2A1B53EC00DF521D /* InspectionLogView.swift in Sources */ = {isa = PBXBuildFile; fileRef = 6D6E00CC2A1B53EC00DF521D /* InspectionLogView.swift */; };
		6D6E00D22A1B726C00DF521D /* RenovationProject.swift in Sources */ = {isa = PBXBuildFile; fileRef = 6D6E00D12A1B726C00DF521D /* RenovationProject.swift */; };
		6D6E00D52A1B74E900DF521D /* RenovationAPIService.swift in Sources */ = {isa = PBXBuildFile; fileRef = 6D6E00D42A1B74E900DF521D /* RenovationAPIService.swift */; };
/* End PBXBuildFile section */

/* Begin PBXFileReference section */
		6D6E00B32A1B52F100DF521D /* RenoTracker.app */ = {isa = PBXFileReference; explicitFileType = wrapper.application; includeInIndex = 0; path = RenoTracker.app; sourceTree = BUILT_PRODUCTS_DIR; };
		6D6E00B62A1B52F100DF521D /* RenoTrackerApp.swift */ = {isa = PBXFileReference; lastKnownFileType = sourcecode.swift; path = RenoTrackerApp.swift; sourceTree = "<group>"; };
		6D6E00BA2A1B52F200DF521D /* Assets.xcassets */ = {isa = PBXFileReference; lastKnownFileType = folder.assetcatalog; path = Assets.xcassets; sourceTree = "<group>"; };
		6D6E00BD2A1B52F200DF521D /* Preview Assets.xcassets */ = {isa = PBXFileReference; lastKnownFileType = folder.assetcatalog; path = "Preview Assets.xcassets"; sourceTree = "<group>"; };
		6D6E00C62A1B53A300DF521D /* RenovationProjectsView.swift */ = {isa = PBXFileReference; lastKnownFileType = sourcecode.swift; path = RenovationProjectsView.swift; sourceTree = "<group>"; };
		6D6E00C82A1B53C400DF521D /* DetailView.swift */ = {isa = PBXFileReference; lastKnownFileType = sourcecode.swift; path = DetailView.swift; sourceTree = "<group>"; };
		6D6E00CA2A1B53D600DF521D /* EditView.swift */ = {isa = PBXFileReference; lastKnownFileType = sourcecode.swift; path = EditView.swift; sourceTree = "<group>"; };
		6D6E00CC2A1B53EC00DF521D /* InspectionLogView.swift */ = {isa = PBXFileReference; lastKnownFileType = sourcecode.swift; path = InspectionLogView.swift; sourceTree = "<group>"; };
		6D6E00D02A1B6EE300DF521D /* projetcs.geojson */ = {isa = PBXFileReference; lastKnownFileType = text; path = projetcs.geojson; sourceTree = "<group>"; };
		6D6E00D12A1B726C00DF521D /* RenovationProject.swift */ = {isa = PBXFileReference; lastKnownFileType = sourcecode.swift; path = RenovationProject.swift; sourceTree = "<group>"; };
		6D6E00D42A1B74E900DF521D /* RenovationAPIService.swift */ = {isa = PBXFileReference; lastKnownFileType = sourcecode.swift; path = RenovationAPIService.swift; sourceTree = "<group>"; };
/* End PBXFileReference section */

/* Begin PBXFrameworksBuildPhase section */
		6D6E00B02A1B52F100DF521D /* Frameworks */ = {
			isa = PBXFrameworksBuildPhase;
			buildActionMask = 2147483647;
			files = (
			);
			runOnlyForDeploymentPostprocessing = 0;
		};
/* End PBXFrameworksBuildPhase section */

/* Begin PBXGroup section */
		6D6E00AA2A1B52F100DF521D = {
			isa = PBXGroup;
			children = (
				6D6E00B52A1B52F100DF521D /* RenoTracker */,
				6D6E00B42A1B52F100DF521D /* Products */,
			);
			sourceTree = "<group>";
		};
		6D6E00B42A1B52F100DF521D /* Products */ = {
			isa = PBXGroup;
			children = (
				6D6E00B32A1B52F100DF521D /* RenoTracker.app */,
			);
			name = Products;
			sourceTree = "<group>";
		};
		6D6E00B52A1B52F100DF521D /* RenoTracker */ = {
			isa = PBXGroup;
			children = (
				6D6E00D32A1B74CC00DF521D /* Services */,
				6D6E00CF2A1B6EBB00DF521D /* Repositories */,
				6D6E00CE2A1B6E9900DF521D /* Models */,
				6D6E00C42A1B534700DF521D /* Views */,
				6D6E00B62A1B52F100DF521D /* RenoTrackerApp.swift */,
				6D6E00BA2A1B52F200DF521D /* Assets.xcassets */,
				6D6E00BC2A1B52F200DF521D /* Preview Content */,
			);
			path = RenoTracker;
			sourceTree = "<group>";
		};
		6D6E00BC2A1B52F200DF521D /* Preview Content */ = {
			isa = PBXGroup;
			children = (
				6D6E00BD2A1B52F200DF521D /* Preview Assets.xcassets */,
			);
			path = "Preview Content";
			sourceTree = "<group>";
		};
		6D6E00C42A1B534700DF521D /* Views */ = {
			isa = PBXGroup;
			children = (
				6D6E00C52A1B536700DF521D /* Reno */,
			);
			path = Views;
			sourceTree = "<group>";
		};
		6D6E00C52A1B536700DF521D /* Reno */ = {
			isa = PBXGroup;
			children = (
				6D6E00C62A1B53A300DF521D /* RenovationProjectsView.swift */,
				6D6E00C82A1B53C400DF521D /* DetailView.swift */,
				6D6E00CA2A1B53D600DF521D /* EditView.swift */,
				6D6E00CC2A1B53EC00DF521D /* InspectionLogView.swift */,
			);
			path = Reno;
			sourceTree = "<group>";
		};
		6D6E00CE2A1B6E9900DF521D /* Models */ = {
			isa = PBXGroup;
			children = (
				6D6E00D12A1B726C00DF521D /* RenovationProject.swift */,
			);
			path = Models;
			sourceTree = "<group>";
		};
		6D6E00CF2A1B6EBB00DF521D /* Repositories */ = {
			isa = PBXGroup;
			children = (
			);
			path = Repositories;
			sourceTree = "<group>";
		};
		6D6E00D32A1B74CC00DF521D /* Services */ = {
			isa = PBXGroup;
			children = (
				6D6E00D02A1B6EE300DF521D /* projetcs.geojson */,
				6D6E00D42A1B74E900DF521D /* RenovationAPIService.swift */,
			);
			path = Services;
			sourceTree = "<group>";
		};
/* End PBXGroup section */

/* Begin PBXNativeTarget section */
		6D6E00B22A1B52F100DF521D /* RenoTracker */ = {
			isa = PBXNativeTarget;
			buildConfigurationList = 6D6E00C12A1B52F200DF521D /* Build configuration list for PBXNativeTarget "RenoTracker" */;
			buildPhases = (
				6D6E00AF2A1B52F100DF521D /* Sources */,
				6D6E00B02A1B52F100DF521D /* Frameworks */,
				6D6E00B12A1B52F100DF521D /* Resources */,
			);
			buildRules = (
			);
			dependencies = (
			);
			name = RenoTracker;
			productName = RenoTracker;
			productReference = 6D6E00B32A1B52F100DF521D /* RenoTracker.app */;
			productType = "com.apple.product-type.application";
		};
/* End PBXNativeTarget section */

/* Begin PBXProject section */
		6D6E00AB2A1B52F100DF521D /* Project object */ = {
			isa = PBXProject;
			attributes = {
				BuildIndependentTargetsInParallel = 1;
				LastSwiftUpdateCheck = 1430;
				LastUpgradeCheck = 1430;
				TargetAttributes = {
					6D6E00B22A1B52F100DF521D = {
						CreatedOnToolsVersion = 14.3;
					};
				};
			};
			buildConfigurationList = 6D6E00AE2A1B52F100DF521D /* Build configuration list for PBXProject "RenoTracker" */;
			compatibilityVersion = "Xcode 14.0";
			developmentRegion = en;
			hasScannedForEncodings = 0;
			knownRegions = (
				en,
				Base,
			);
			mainGroup = 6D6E00AA2A1B52F100DF521D;
			productRefGroup = 6D6E00B42A1B52F100DF521D /* Products */;
			projectDirPath = "";
			projectRoot = "";
			targets = (
				6D6E00B22A1B52F100DF521D /* RenoTracker */,
			);
		};
/* End PBXProject section */

/* Begin PBXResourcesBuildPhase section */
		6D6E00B12A1B52F100DF521D /* Resources */ = {
			isa = PBXResourcesBuildPhase;
			buildActionMask = 2147483647;
			files = (
				6D6E00BE2A1B52F200DF521D /* Preview Assets.xcassets in Resources */,
				6D6E00BB2A1B52F200DF521D /* Assets.xcassets in Resources */,
			);
			runOnlyForDeploymentPostprocessing = 0;
		};
/* End PBXResourcesBuildPhase section */

/* Begin PBXSourcesBuildPhase section */
		6D6E00AF2A1B52F100DF521D /* Sources */ = {
			isa = PBXSourcesBuildPhase;
			buildActionMask = 2147483647;
			files = (
				6D6E00B72A1B52F100DF521D /* RenoTrackerApp.swift in Sources */,
				6D6E00C92A1B53C400DF521D /* DetailView.swift in Sources */,
				6D6E00D22A1B726C00DF521D /* RenovationProject.swift in Sources */,
				6D6E00CD2A1B53EC00DF521D /* InspectionLogView.swift in Sources */,
				6D6E00CB2A1B53D600DF521D /* EditView.swift in Sources */,
				6D6E00D52A1B74E900DF521D /* RenovationAPIService.swift in Sources */,
				6D6E00C72A1B53A300DF521D /* RenovationProjectsView.swift in Sources */,
			);
			runOnlyForDeploymentPostprocessing = 0;
		};
/* End PBXSourcesBuildPhase section */

/* Begin XCBuildConfiguration section */
		6D6E00BF2A1B52F200DF521D /* Debug */ = {
			isa = XCBuildConfiguration;
			buildSettings = {
				ALWAYS_SEARCH_USER_PATHS = NO;
				CLANG_ANALYZER_NONNULL = YES;
				CLANG_ANALYZER_NUMBER_OBJECT_CONVERSION = YES_AGGRESSIVE;
				CLANG_CXX_LANGUAGE_STANDARD = "gnu++20";
				CLANG_ENABLE_MODULES = YES;
				CLANG_ENABLE_OBJC_ARC = YES;
				CLANG_ENABLE_OBJC_WEAK = YES;
				CLANG_WARN_BLOCK_CAPTURE_AUTORELEASING = YES;
				CLANG_WARN_BOOL_CONVERSION = YES;
				CLANG_WARN_COMMA = YES;
				CLANG_WARN_CONSTANT_CONVERSION = YES;
				CLANG_WARN_DEPRECATED_OBJC_IMPLEMENTATIONS = YES;
				CLANG_WARN_DIRECT_OBJC_ISA_USAGE = YES_ERROR;
				CLANG_WARN_DOCUMENTATION_COMMENTS = YES;
				CLANG_WARN_EMPTY_BODY = YES;
				CLANG_WARN_ENUM_CONVERSION = YES;
				CLANG_WARN_INFINITE_RECURSION = YES;
				CLANG_WARN_INT_CONVERSION = YES;
				CLANG_WARN_NON_LITERAL_NULL_CONVERSION = YES;
				CLANG_WARN_OBJC_IMPLICIT_RETAIN_SELF = YES;
				CLANG_WARN_OBJC_LITERAL_CONVERSION = YES;
				CLANG_WARN_OBJC_ROOT_CLASS = YES_ERROR;
				CLANG_WARN_QUOTED_INCLUDE_IN_FRAMEWORK_HEADER = YES;
				CLANG_WARN_RANGE_LOOP_ANALYSIS = YES;
				CLANG_WARN_STRICT_PROTOTYPES = YES;
				CLANG_WARN_SUSPICIOUS_MOVE = YES;
				CLANG_WARN_UNGUARDED_AVAILABILITY = YES_AGGRESSIVE;
				CLANG_WARN_UNREACHABLE_CODE = YES;
				CLANG_WARN__DUPLICATE_METHOD_MATCH = YES;
				COPY_PHASE_STRIP = NO;
				DEBUG_INFORMATION_FORMAT = dwarf;
				ENABLE_STRICT_OBJC_MSGSEND = YES;
				ENABLE_TESTABILITY = YES;
				GCC_C_LANGUAGE_STANDARD = gnu11;
				GCC_DYNAMIC_NO_PIC = NO;
				GCC_NO_COMMON_BLOCKS = YES;
				GCC_OPTIMIZATION_LEVEL = 0;
				GCC_PREPROCESSOR_DEFINITIONS = (
					"DEBUG=1",
					"$(inherited)",
				);
				GCC_WARN_64_TO_32_BIT_CONVERSION = YES;
				GCC_WARN_ABOUT_RETURN_TYPE = YES_ERROR;
				GCC_WARN_UNDECLARED_SELECTOR = YES;
				GCC_WARN_UNINITIALIZED_AUTOS = YES_AGGRESSIVE;
				GCC_WARN_UNUSED_FUNCTION = YES;
				GCC_WARN_UNUSED_VARIABLE = YES;
				IPHONEOS_DEPLOYMENT_TARGET = 16.4;
				MTL_ENABLE_DEBUG_INFO = INCLUDE_SOURCE;
				MTL_FAST_MATH = YES;
				ONLY_ACTIVE_ARCH = YES;
				SDKROOT = iphoneos;
				SWIFT_ACTIVE_COMPILATION_CONDITIONS = DEBUG;
				SWIFT_OPTIMIZATION_LEVEL = "-Onone";
			};
			name = Debug;
		};
		6D6E00C02A1B52F200DF521D /* Release */ = {
			isa = XCBuildConfiguration;
			buildSettings = {
				ALWAYS_SEARCH_USER_PATHS = NO;
				CLANG_ANALYZER_NONNULL = YES;
				CLANG_ANALYZER_NUMBER_OBJECT_CONVERSION = YES_AGGRESSIVE;
				CLANG_CXX_LANGUAGE_STANDARD = "gnu++20";
				CLANG_ENABLE_MODULES = YES;
				CLANG_ENABLE_OBJC_ARC = YES;
				CLANG_ENABLE_OBJC_WEAK = YES;
				CLANG_WARN_BLOCK_CAPTURE_AUTORELEASING = YES;
				CLANG_WARN_BOOL_CONVERSION = YES;
				CLANG_WARN_COMMA = YES;
				CLANG_WARN_CONSTANT_CONVERSION = YES;
				CLANG_WARN_DEPRECATED_OBJC_IMPLEMENTATIONS = YES;
				CLANG_WARN_DIRECT_OBJC_ISA_USAGE = YES_ERROR;
				CLANG_WARN_DOCUMENTATION_COMMENTS = YES;
				CLANG_WARN_EMPTY_BODY = YES;
				CLANG_WARN_ENUM_CONVERSION = YES;
				CLANG_WARN_INFINITE_RECURSION = YES;
				CLANG_WARN_INT_CONVERSION = YES;
				CLANG_WARN_NON_LITERAL_NULL_CONVERSION = YES;
				CLANG_WARN_OBJC_IMPLICIT_RETAIN_SELF = YES;
				CLANG_WARN_OBJC_LITERAL_CONVERSION = YES;
				CLANG_WARN_OBJC_ROOT_CLASS = YES_ERROR;
				CLANG_WARN_QUOTED_INCLUDE_IN_FRAMEWORK_HEADER = YES;
				CLANG_WARN_RANGE_LOOP_ANALYSIS = YES;
				CLANG_WARN_STRICT_PROTOTYPES = YES;
				CLANG_WARN_SUSPICIOUS_MOVE = YES;
				CLANG_WARN_UNGUARDED_AVAILABILITY = YES_AGGRESSIVE;
				CLANG_WARN_UNREACHABLE_CODE = YES;
				CLANG_WARN__DUPLICATE_METHOD_MATCH = YES;
				COPY_PHASE_STRIP = NO;
				DEBUG_INFORMATION_FORMAT = "dwarf-with-dsym";
				ENABLE_NS_ASSERTIONS = NO;
				ENABLE_STRICT_OBJC_MSGSEND = YES;
				GCC_C_LANGUAGE_STANDARD = gnu11;
				GCC_NO_COMMON_BLOCKS = YES;
				GCC_WARN_64_TO_32_BIT_CONVERSION = YES;
				GCC_WARN_ABOUT_RETURN_TYPE = YES_ERROR;
				GCC_WARN_UNDECLARED_SELECTOR = YES;
				GCC_WARN_UNINITIALIZED_AUTOS = YES_AGGRESSIVE;
				GCC_WARN_UNUSED_FUNCTION = YES;
				GCC_WARN_UNUSED_VARIABLE = YES;
				IPHONEOS_DEPLOYMENT_TARGET = 16.4;
				MTL_ENABLE_DEBUG_INFO = NO;
				MTL_FAST_MATH = YES;
				SDKROOT = iphoneos;
				SWIFT_COMPILATION_MODE = wholemodule;
				SWIFT_OPTIMIZATION_LEVEL = "-O";
				VALIDATE_PRODUCT = YES;
			};
			name = Release;
		};
		6D6E00C22A1B52F200DF521D /* Debug */ = {
			isa = XCBuildConfiguration;
			buildSettings = {
				ASSETCATALOG_COMPILER_APPICON_NAME = AppIcon;
				ASSETCATALOG_COMPILER_GLOBAL_ACCENT_COLOR_NAME = AccentColor;
				CODE_SIGN_STYLE = Automatic;
				CURRENT_PROJECT_VERSION = 1;
				DEVELOPMENT_ASSET_PATHS = "\"RenoTracker/Preview Content\"";
				DEVELOPMENT_TEAM = P976WWN255;
				ENABLE_PREVIEWS = YES;
				GENERATE_INFOPLIST_FILE = YES;
				INFOPLIST_KEY_UIApplicationSceneManifest_Generation = YES;
				INFOPLIST_KEY_UIApplicationSupportsIndirectInputEvents = YES;
				INFOPLIST_KEY_UILaunchScreen_Generation = YES;
				INFOPLIST_KEY_UISupportedInterfaceOrientations_iPad = "UIInterfaceOrientationPortrait UIInterfaceOrientationPortraitUpsideDown UIInterfaceOrientationLandscapeLeft UIInterfaceOrientationLandscapeRight";
				INFOPLIST_KEY_UISupportedInterfaceOrientations_iPhone = "UIInterfaceOrientationPortrait UIInterfaceOrientationLandscapeLeft UIInterfaceOrientationLandscapeRight";
				LD_RUNPATH_SEARCH_PATHS = (
					"$(inherited)",
					"@executable_path/Frameworks",
				);
				MARKETING_VERSION = 1.0;
				PRODUCT_BUNDLE_IDENTIFIER = org.m2i.RenoTracker;
				PRODUCT_NAME = "$(TARGET_NAME)";
				SWIFT_EMIT_LOC_STRINGS = YES;
				SWIFT_VERSION = 5.0;
				TARGETED_DEVICE_FAMILY = "1,2";
			};
			name = Debug;
		};
		6D6E00C32A1B52F200DF521D /* Release */ = {
			isa = XCBuildConfiguration;
			buildSettings = {
				ASSETCATALOG_COMPILER_APPICON_NAME = AppIcon;
				ASSETCATALOG_COMPILER_GLOBAL_ACCENT_COLOR_NAME = AccentColor;
				CODE_SIGN_STYLE = Automatic;
				CURRENT_PROJECT_VERSION = 1;
				DEVELOPMENT_ASSET_PATHS = "\"RenoTracker/Preview Content\"";
				DEVELOPMENT_TEAM = P976WWN255;
				ENABLE_PREVIEWS = YES;
				GENERATE_INFOPLIST_FILE = YES;
				INFOPLIST_KEY_UIApplicationSceneManifest_Generation = YES;
				INFOPLIST_KEY_UIApplicationSupportsIndirectInputEvents = YES;
				INFOPLIST_KEY_UILaunchScreen_Generation = YES;
				INFOPLIST_KEY_UISupportedInterfaceOrientations_iPad = "UIInterfaceOrientationPortrait UIInterfaceOrientationPortraitUpsideDown UIInterfaceOrientationLandscapeLeft UIInterfaceOrientationLandscapeRight";
				INFOPLIST_KEY_UISupportedInterfaceOrientations_iPhone = "UIInterfaceOrientationPortrait UIInterfaceOrientationLandscapeLeft UIInterfaceOrientationLandscapeRight";
				LD_RUNPATH_SEARCH_PATHS = (
					"$(inherited)",
					"@executable_path/Frameworks",
				);
				MARKETING_VERSION = 1.0;
				PRODUCT_BUNDLE_IDENTIFIER = org.m2i.RenoTracker;
				PRODUCT_NAME = "$(TARGET_NAME)";
				SWIFT_EMIT_LOC_STRINGS = YES;
				SWIFT_VERSION = 5.0;
				TARGETED_DEVICE_FAMILY = "1,2";
			};
			name = Release;
		};
/* End XCBuildConfiguration section */

/* Begin XCConfigurationList section */
		6D6E00AE2A1B52F100DF521D /* Build configuration list for PBXProject "RenoTracker" */ = {
			isa = XCConfigurationList;
			buildConfigurations = (
				6D6E00BF2A1B52F200DF521D /* Debug */,
				6D6E00C02A1B52F200DF521D /* Release */,
			);
			defaultConfigurationIsVisible = 0;
			defaultConfigurationName = Release;
		};
		6D6E00C12A1B52F200DF521D /* Build configuration list for PBXNativeTarget "RenoTracker" */ = {
			isa = XCConfigurationList;
			buildConfigurations = (
				6D6E00C22A1B52F200DF521D /* Debug */,
				6D6E00C32A1B52F200DF521D /* Release */,
			);
			defaultConfigurationIsVisible = 0;
			defaultConfigurationName = Release;
		};
/* End XCConfigurationList section */
	};
	rootObject = 6D6E00AB2A1B52F100DF521D /* Project object */;
}
